
Microsoft Visual Studio Solution File, Format Version 12.00
# Visual Studio 2012
Project("{FAE04EC0-301F-11D3-BF4B-00C04F79EFBC}") = "TWRP Backupper", "TWRP Backupper\TWRP Backupper.csproj", "{F68B97CF-2811-43E8-B5AA-60D37FAFDDBF}"
EndProject
Global
	GlobalSection(SolutionConfigurationPlatforms) = preSolution
		Debug|Any CPU = Debug|Any CPU
		Release|Any CPU = Release|Any CPU
	EndGlobalSection
	GlobalSection(ProjectConfigurationPlatforms) = postSolution
		{F68B97CF-2811-43E8-B5AA-60D37FAFDDBF}.Debug|Any CPU.ActiveCfg = Debug|Any CPU
		{F68B97CF-2811-43E8-B5AA-60D37FAFDDBF}.Debug|Any CPU.Build.0 = Debug|Any CPU
		{F68B97CF-2811-43E8-B5AA-60D37FAFDDBF}.Release|Any CPU.ActiveCfg = Release|Any CPU
		{F68B97CF-2811-43E8-B5AA-60D37FAFDDBF}.Release|Any CPU.Build.0 = Release|Any CPU
	EndGlobalSection
	GlobalSection(SolutionProperties) = preSolution
		HideSolutionNode = FALSE
	EndGlobalSection
EndGlobal
